
Microsoft Visual Studio Solution File, Format Version 12.00
# Visual Studio Version 17
VisualStudioVersion = 17.3.32519.111
MinimumVisualStudioVersion = 10.0.40219.1
Project("{9A19103F-16F7-4668-BE54-9A1E7A4F7556}") = "SpecflowBlazorTest", "SpecflowBlazorTest\SpecflowBlazorTest.csproj", "{12321C5E-FF84-4A13-849B-1E139533E7E4}"
EndProject
Project("{FAE04EC0-301F-11D3-BF4B-00C04F79EFBC}") = "SpecflowBlaztorTest.Tests", "SpecflowBlaztorTest.Tests\SpecflowBlaztorTest.Tests.csproj", "{6D39647C-404B-4EA8-84BE-D5885EA940B0}"
EndProject
Global
	GlobalSection(SolutionConfigurationPlatforms) = preSolution
		Debug|Any CPU = Debug|Any CPU
		Release|Any CPU = Release|Any CPU
	EndGlobalSection
	GlobalSection(ProjectConfigurationPlatforms) = postSolution
		{12321C5E-FF84-4A13-849B-1E139533E7E4}.Debug|Any CPU.ActiveCfg = Debug|Any CPU
		{12321C5E-FF84-4A13-849B-1E139533E7E4}.Debug|Any CPU.Build.0 = Debug|Any CPU
		{12321C5E-FF84-4A13-849B-1E139533E7E4}.Release|Any CPU.ActiveCfg = Release|Any CPU
		{12321C5E-FF84-4A13-849B-1E139533E7E4}.Release|Any CPU.Build.0 = Release|Any CPU
		{6D39647C-404B-4EA8-84BE-D5885EA940B0}.Debug|Any CPU.ActiveCfg = Debug|Any CPU
		{6D39647C-404B-4EA8-84BE-D5885EA940B0}.Debug|Any CPU.Build.0 = Debug|Any CPU
		{6D39647C-404B-4EA8-84BE-D5885EA940B0}.Release|Any CPU.ActiveCfg = Release|Any CPU
		{6D39647C-404B-4EA8-84BE-D5885EA940B0}.Release|Any CPU.Build.0 = Release|Any CPU
	EndGlobalSection
	GlobalSection(SolutionProperties) = preSolution
		HideSolutionNode = FALSE
	EndGlobalSection
	GlobalSection(ExtensibilityGlobals) = postSolution
		SolutionGuid = {A19BF385-CBB2-43BC-9D7C-47D47B55CF7D}
	EndGlobalSection
EndGlobal
